// !$*UTF8*$!
{
	archiveVersion = 1;
	classes = {
	};
	objectVersion = 60;
	objects = {

/* Begin PBXBuildFile section */
		C01000000000000000000005 /* WebSocketClient.swift in Sources */ = {isa = PBXBuildFile; fileRef = C01000000000000000000006 /* WebSocketClient.swift */; };
		C01000000000000000000003 /* HoriiCoreChatView.swift in Sources */ = {isa = PBXBuildFile; fileRef = C01000000000000000000004 /* HoriiCoreChatView.swift */; };
		C01000000000000000000001 /* HoriiCoreConversationViewModel.swift in Sources */ = {isa = PBXBuildFile; fileRef = C01000000000000000000002 /* HoriiCoreConversationViewModel.swift */; };
		C00100000000000000000009 /* APIClient.swift in Sources */ = {isa = PBXBuildFile; fileRef = C0010000000000000000000A /* APIClient.swift */; };
		C00100000000000000000007 /* AuthManager.swift in Sources */ = {isa = PBXBuildFile; fileRef = C00100000000000000000008 /* AuthManager.swift */; };
		C00100000000000000000005 /* KeychainStore.swift in Sources */ = {isa = PBXBuildFile; fileRef = C00100000000000000000006 /* KeychainStore.swift */; };
		C00100000000000000000003 /* HoriiCoreModels.swift in Sources */ = {isa = PBXBuildFile; fileRef = C00100000000000000000004 /* HoriiCoreModels.swift */; };
		C00100000000000000000001 /* AppEnvironment.swift in Sources */ = {isa = PBXBuildFile; fileRef = C00100000000000000000002 /* AppEnvironment.swift */; };
		BEEF00000000000000000012 /* LocalWakeWordDetector.swift in Sources */ = {isa = PBXBuildFile; fileRef = BEEF00000000000000000013 /* LocalWakeWordDetector.swift */; };
		BEEF00000000000000000010 /* WakeWordDetectorFactory.swift in Sources */ = {isa = PBXBuildFile; fileRef = BEEF00000000000000000011 /* WakeWordDetectorFactory.swift */; };
		BEEF00000000000000000000 /* AudioSessionManager.swift in Sources */ = {isa = PBXBuildFile; fileRef = BEEF00000000000000000001 /* AudioSessionManager.swift */; };
		BEEF00000000000000000002 /* WakeWordDetector.swift in Sources */ = {isa = PBXBuildFile; fileRef = BEEF00000000000000000003 /* WakeWordDetector.swift */; };
		BEEF00000000000000000004 /* SpeechRecognizer.swift in Sources */ = {isa = PBXBuildFile; fileRef = BEEF00000000000000000005 /* SpeechRecognizer.swift */; };
		BEEF00000000000000000006 /* HoriiAIService.swift in Sources */ = {isa = PBXBuildFile; fileRef = BEEF00000000000000000007 /* HoriiAIService.swift */; };
		BEEF00000000000000000008 /* HoriiTTS.swift in Sources */ = {isa = PBXBuildFile; fileRef = BEEF00000000000000000009 /* HoriiTTS.swift */; };
		BEEF0000000000000000000A /* HoriiAssistantState.swift in Sources */ = {isa = PBXBuildFile; fileRef = BEEF0000000000000000000B /* HoriiAssistantState.swift */; };
		BEEF0000000000000000000C /* HoriiAssistantController.swift in Sources */ = {isa = PBXBuildFile; fileRef = BEEF0000000000000000000D /* HoriiAssistantController.swift */; };
		BEEF0000000000000000000E /* HoriiAssistantPrototypeView.swift in Sources */ = {isa = PBXBuildFile; fileRef = BEEF0000000000000000000F /* HoriiAssistantPrototypeView.swift */; };
		A1B2C3D4E5F6478899AA0001 /* H0RIIAssistantServices.swift in Sources */ = {isa = PBXBuildFile; fileRef = A1B2C3D4E5F6478899AA0002 /* H0RIIAssistantServices.swift */; };
		D9525B5C235D4733A9C74507 /* H0RIIApp.swift in Sources */ = {isa = PBXBuildFile; fileRef = E104D7EE2FA94390B4FD89E2 /* H0RIIApp.swift */; };
		8AF0501B0A9A400CA7716412 /* RootView.swift in Sources */ = {isa = PBXBuildFile; fileRef = 2A8FE437B24D4D5DA8F30282 /* RootView.swift */; };
		2A894858181A48C4AE655320 /* DashboardView.swift in Sources */ = {isa = PBXBuildFile; fileRef = 785DC81EE0B74377ABBC5799 /* DashboardView.swift */; };
		1C1FD3AA5AC94A439D6261F9 /* ProjectsView.swift in Sources */ = {isa = PBXBuildFile; fileRef = 1925120FA49441FC815B8512 /* ProjectsView.swift */; };
		E2BD70CF36774C989E457C6F /* ProfileView.swift in Sources */ = {isa = PBXBuildFile; fileRef = 4E608569110743AC84C85342 /* ProfileView.swift */; };
		CB87168A373F4CA39648A213 /* Project.swift in Sources */ = {isa = PBXBuildFile; fileRef = 0D0F8DA19B1741AC856AA1B7 /* Project.swift */; };
		3AD025EA6EDD4CA28382C9DC /* Assets.xcassets in Resources */ = {isa = PBXBuildFile; fileRef = A9B54317CF3D4644BFB72006 /* Assets.xcassets */; };
/* End PBXBuildFile section */

/* Begin PBXFileReference section */
		C01000000000000000000006 /* WebSocketClient.swift */ = {isa = PBXFileReference; lastKnownFileType = sourcecode.swift; path = WebSocketClient.swift; sourceTree = "<group>"; };
		C01000000000000000000004 /* HoriiCoreChatView.swift */ = {isa = PBXFileReference; lastKnownFileType = sourcecode.swift; path = HoriiCoreChatView.swift; sourceTree = "<group>"; };
		C01000000000000000000002 /* HoriiCoreConversationViewModel.swift */ = {isa = PBXFileReference; lastKnownFileType = sourcecode.swift; path = HoriiCoreConversationViewModel.swift; sourceTree = "<group>"; };
		C0010000000000000000000A /* APIClient.swift */ = {isa = PBXFileReference; lastKnownFileType = sourcecode.swift; path = APIClient.swift; sourceTree = "<group>"; };
		C00100000000000000000008 /* AuthManager.swift */ = {isa = PBXFileReference; lastKnownFileType = sourcecode.swift; path = AuthManager.swift; sourceTree = "<group>"; };
		C00100000000000000000006 /* KeychainStore.swift */ = {isa = PBXFileReference; lastKnownFileType = sourcecode.swift; path = KeychainStore.swift; sourceTree = "<group>"; };
		C00100000000000000000004 /* HoriiCoreModels.swift */ = {isa = PBXFileReference; lastKnownFileType = sourcecode.swift; path = HoriiCoreModels.swift; sourceTree = "<group>"; };
		C00100000000000000000002 /* AppEnvironment.swift */ = {isa = PBXFileReference; lastKnownFileType = sourcecode.swift; path = AppEnvironment.swift; sourceTree = "<group>"; };
		BEEF00000000000000000013 /* LocalWakeWordDetector.swift */ = {isa = PBXFileReference; lastKnownFileType = sourcecode.swift; path = LocalWakeWordDetector.swift; sourceTree = "<group>"; };
		BEEF00000000000000000011 /* WakeWordDetectorFactory.swift */ = {isa = PBXFileReference; lastKnownFileType = sourcecode.swift; path = WakeWordDetectorFactory.swift; sourceTree = "<group>"; };
		BEEF00000000000000000001 /* AudioSessionManager.swift */ = {isa = PBXFileReference; lastKnownFileType = sourcecode.swift; path = AudioSessionManager.swift; sourceTree = "<group>"; };
		BEEF00000000000000000003 /* WakeWordDetector.swift */ = {isa = PBXFileReference; lastKnownFileType = sourcecode.swift; path = WakeWordDetector.swift; sourceTree = "<group>"; };
		BEEF00000000000000000005 /* SpeechRecognizer.swift */ = {isa = PBXFileReference; lastKnownFileType = sourcecode.swift; path = SpeechRecognizer.swift; sourceTree = "<group>"; };
		BEEF00000000000000000007 /* HoriiAIService.swift */ = {isa = PBXFileReference; lastKnownFileType = sourcecode.swift; path = HoriiAIService.swift; sourceTree = "<group>"; };
		BEEF00000000000000000009 /* HoriiTTS.swift */ = {isa = PBXFileReference; lastKnownFileType = sourcecode.swift; path = HoriiTTS.swift; sourceTree = "<group>"; };
		BEEF0000000000000000000B /* HoriiAssistantState.swift */ = {isa = PBXFileReference; lastKnownFileType = sourcecode.swift; path = HoriiAssistantState.swift; sourceTree = "<group>"; };
		BEEF0000000000000000000D /* HoriiAssistantController.swift */ = {isa = PBXFileReference; lastKnownFileType = sourcecode.swift; path = HoriiAssistantController.swift; sourceTree = "<group>"; };
		BEEF0000000000000000000F /* HoriiAssistantPrototypeView.swift */ = {isa = PBXFileReference; lastKnownFileType = sourcecode.swift; path = HoriiAssistantPrototypeView.swift; sourceTree = "<group>"; };
		A1B2C3D4E5F6478899AA0002 /* H0RIIAssistantServices.swift */ = {isa = PBXFileReference; lastKnownFileType = sourcecode.swift; path = H0RIIAssistantServices.swift; sourceTree = "<group>"; };
		FAA62D751EB44D579A4B4E21 /* H0RIIApp.app */ = {isa = PBXFileReference; explicitFileType = wrapper.application; includeInIndex = 0; path = H0RIIApp.app; sourceTree = BUILT_PRODUCTS_DIR; };
		E104D7EE2FA94390B4FD89E2 /* H0RIIApp.swift */ = {isa = PBXFileReference; lastKnownFileType = sourcecode.swift; path = H0RIIApp.swift; sourceTree = "<group>"; };
		2A8FE437B24D4D5DA8F30282 /* RootView.swift */ = {isa = PBXFileReference; lastKnownFileType = sourcecode.swift; path = RootView.swift; sourceTree = "<group>"; };
		785DC81EE0B74377ABBC5799 /* DashboardView.swift */ = {isa = PBXFileReference; lastKnownFileType = sourcecode.swift; path = DashboardView.swift; sourceTree = "<group>"; };
		1925120FA49441FC815B8512 /* ProjectsView.swift */ = {isa = PBXFileReference; lastKnownFileType = sourcecode.swift; path = ProjectsView.swift; sourceTree = "<group>"; };
		4E608569110743AC84C85342 /* ProfileView.swift */ = {isa = PBXFileReference; lastKnownFileType = sourcecode.swift; path = ProfileView.swift; sourceTree = "<group>"; };
		0D0F8DA19B1741AC856AA1B7 /* Project.swift */ = {isa = PBXFileReference; lastKnownFileType = sourcecode.swift; path = Project.swift; sourceTree = "<group>"; };
		A9B54317CF3D4644BFB72006 /* Assets.xcassets */ = {isa = PBXFileReference; lastKnownFileType = folder.assetcatalog; path = Assets.xcassets; sourceTree = "<group>"; };
/* End PBXFileReference section */

/* Begin PBXFrameworksBuildPhase section */
		5427EAC904FA44E68A02EDEA /* Frameworks */ = {isa = PBXFrameworksBuildPhase; buildActionMask = 2147483647; files = ( ); runOnlyForDeploymentPostprocessing = 0; };
/* End PBXFrameworksBuildPhase section */

/* Begin PBXGroup section */
		B0E19A5E600A4AC88277BDAB = {isa = PBXGroup; children = ( 72F12FAD8BE94EF5A9BF88AE /* H0RIIApp */, 039D68BD155D46E1B3EB7109 /* Products */, ); sourceTree = "<group>"; };
		039D68BD155D46E1B3EB7109 /* Products */ = {isa = PBXGroup; children = ( FAA62D751EB44D579A4B4E21 /* H0RIIApp.app */, ); name = Products; sourceTree = "<group>"; };
		72F12FAD8BE94EF5A9BF88AE /* H0RIIApp */ = {isa = PBXGroup; children = ( E104D7EE2FA94390B4FD89E2 /* H0RIIApp.swift */, A1B2C3D4E5F6478899AA0002 /* H0RIIAssistantServices.swift */, C00200000000000000000001 /* App */, C00200000000000000000002 /* Core */, C00200000000000000000003 /* Authentication */, C01100000000000000000001 /* Assistant */, C00200000000000000000004 /* Networking */, BE17FAFFD3754B63BF8A7155 /* Views */, BEEF10000000000000000005 /* UI */, BEEF10000000000000000001 /* Audio */, BEEF10000000000000000002 /* AI */, BEEF10000000000000000003 /* Speech */, BEEF10000000000000000004 /* Services */, CA17C678B868429A94EEEE75 /* Models */, A9B54317CF3D4644BFB72006 /* Assets.xcassets */, ); path = H0RIIApp; sourceTree = "<group>"; };
		BE17FAFFD3754B63BF8A7155 /* Views */ = {isa = PBXGroup; children = ( 2A8FE437B24D4D5DA8F30282 /* RootView.swift */, 785DC81EE0B74377ABBC5799 /* DashboardView.swift */, 1925120FA49441FC815B8512 /* ProjectsView.swift */, 4E608569110743AC84C85342 /* ProfileView.swift */, ); path = Views; sourceTree = "<group>"; };
		CA17C678B868429A94EEEE75 /* Models */ = {isa = PBXGroup; children = ( 0D0F8DA19B1741AC856AA1B7 /* Project.swift */, BEEF0000000000000000000B /* HoriiAssistantState.swift */, ); path = Models; sourceTree = "<group>"; };
		BEEF10000000000000000001 /* Audio */ = {isa = PBXGroup; children = ( BEEF00000000000000000001 /* AudioSessionManager.swift */, BEEF00000000000000000003 /* WakeWordDetector.swift */, BEEF00000000000000000005 /* SpeechRecognizer.swift */, BEEF00000000000000000011 /* WakeWordDetectorFactory.swift */, BEEF00000000000000000013 /* LocalWakeWordDetector.swift */ ); path = Audio; sourceTree = "<group>"; };
		BEEF10000000000000000002 /* AI */ = {isa = PBXGroup; children = ( BEEF00000000000000000007 /* HoriiAIService.swift */ ); path = AI; sourceTree = "<group>"; };
		BEEF10000000000000000003 /* Speech */ = {isa = PBXGroup; children = ( BEEF00000000000000000009 /* HoriiTTS.swift */ ); path = Speech; sourceTree = "<group>"; };
		BEEF10000000000000000004 /* Services */ = {isa = PBXGroup; children = ( BEEF0000000000000000000D /* HoriiAssistantController.swift */ ); path = Services; sourceTree = "<group>"; };
		BEEF10000000000000000005 /* UI */ = {isa = PBXGroup; children = ( BEEF0000000000000000000F /* HoriiAssistantPrototypeView.swift */, C01000000000000000000004 /* HoriiCoreChatView.swift */ ); path = UI; sourceTree = "<group>"; };
		C00200000000000000000001 /* App */ = {isa = PBXGroup; children = ( C00100000000000000000002 /* AppEnvironment.swift */ ); path = App; sourceTree = "<group>"; };
		C00200000000000000000002 /* Core */ = {isa = PBXGroup; children = ( C00300000000000000000001 /* Models */ ); path = Core; sourceTree = "<group>"; };
		C00300000000000000000001 /* Models */ = {isa = PBXGroup; children = ( C00100000000000000000004 /* HoriiCoreModels.swift */ ); path = Models; sourceTree = "<group>"; };
		C00200000000000000000003 /* Authentication */ = {isa = PBXGroup; children = ( C00100000000000000000006 /* KeychainStore.swift */, C00100000000000000000008 /* AuthManager.swift */ ); path = Authentication; sourceTree = "<group>"; };
		C00200000000000000000004 /* Networking */ = {isa = PBXGroup; children = ( C0010000000000000000000A /* APIClient.swift */ ); path = Networking; sourceTree = "<group>"; };
		C01100000000000000000001 /* Assistant */ = {isa = PBXGroup; children = ( C01000000000000000000002 /* HoriiCoreConversationViewModel.swift */ ); path = Assistant; sourceTree = "<group>"; };
/* End PBXGroup section */

/* Begin PBXNativeTarget section */
		B2777D3D14C74F1FBAF28F82 /* H0RIIApp */ = {isa = PBXNativeTarget; buildConfigurationList = E2976FB42408493FBEF0E53B /* Build configuration list for PBXNativeTarget "H0RIIApp" */; buildPhases = ( 2FBE0513981E444FA555A891 /* Sources */, 5427EAC904FA44E68A02EDEA /* Frameworks */, AF0B45924B8F4FF8B51AA31C /* Resources */, ); buildRules = ( ); dependencies = ( ); name = H0RIIApp; productName = H0RIIApp; productReference = FAA62D751EB44D579A4B4E21 /* H0RIIApp.app */; productType = "com.apple.product-type.application"; };
/* End PBXNativeTarget section */

/* Begin PBXProject section */
		90486232E8094F859CD888F3 /* Project object */ = {isa = PBXProject; attributes = {BuildIndependentTargetsInParallel = 1; LastSwiftUpdateCheck = 1600; LastUpgradeCheck = 1600; TargetAttributes = { B2777D3D14C74F1FBAF28F82 = {CreatedOnToolsVersion = 16.0; }; }; }; buildConfigurationList = 9F2CAEEDD33A4FCA80E5A6FB /* Build configuration list for PBXProject "H0RIIApp" */; compatibilityVersion = "Xcode 15.0"; developmentRegion = en; hasScannedForEncodings = 0; knownRegions = ( en, Base, ); mainGroup = B0E19A5E600A4AC88277BDAB; productRefGroup = 039D68BD155D46E1B3EB7109 /* Products */; projectDirPath = ""; projectRoot = ""; targets = ( B2777D3D14C74F1FBAF28F82 /* H0RIIApp */, ); };
/* End PBXProject section */

/* Begin PBXResourcesBuildPhase section */
		AF0B45924B8F4FF8B51AA31C /* Resources */ = {isa = PBXResourcesBuildPhase; buildActionMask = 2147483647; files = ( 3AD025EA6EDD4CA28382C9DC /* Assets.xcassets in Resources */, ); runOnlyForDeploymentPostprocessing = 0; };
/* End PBXResourcesBuildPhase section */

/* Begin PBXSourcesBuildPhase section */
		2FBE0513981E444FA555A891 /* Sources */ = {isa = PBXSourcesBuildPhase; buildActionMask = 2147483647; files = ( D9525B5C235D4733A9C74507 /* H0RIIApp.swift in Sources */, 8AF0501B0A9A400CA7716412 /* RootView.swift in Sources */, 2A894858181A48C4AE655320 /* DashboardView.swift in Sources */, 1C1FD3AA5AC94A439D6261F9 /* ProjectsView.swift in Sources */, E2BD70CF36774C989E457C6F /* ProfileView.swift in Sources */, CB87168A373F4CA39648A213 /* Project.swift in Sources */, A1B2C3D4E5F6478899AA0001 /* H0RIIAssistantServices.swift in Sources */, BEEF00000000000000000000 /* AudioSessionManager.swift in Sources */, BEEF00000000000000000002 /* WakeWordDetector.swift in Sources */, BEEF00000000000000000004 /* SpeechRecognizer.swift in Sources */, BEEF00000000000000000006 /* HoriiAIService.swift in Sources */, BEEF00000000000000000008 /* HoriiTTS.swift in Sources */, BEEF0000000000000000000A /* HoriiAssistantState.swift in Sources */, BEEF0000000000000000000C /* HoriiAssistantController.swift in Sources */, BEEF0000000000000000000E /* HoriiAssistantPrototypeView.swift in Sources */, BEEF00000000000000000010 /* WakeWordDetectorFactory.swift in Sources */, BEEF00000000000000000012 /* LocalWakeWordDetector.swift in Sources */, C00100000000000000000001 /* AppEnvironment.swift in Sources */, C00100000000000000000003 /* HoriiCoreModels.swift in Sources */, C00100000000000000000005 /* KeychainStore.swift in Sources */, C00100000000000000000007 /* AuthManager.swift in Sources */, C00100000000000000000009 /* APIClient.swift in Sources */, C01000000000000000000001 /* HoriiCoreConversationViewModel.swift in Sources */, C01000000000000000000003 /* HoriiCoreChatView.swift in Sources */, C01000000000000000000005 /* WebSocketClient.swift in Sources */ ); runOnlyForDeploymentPostprocessing = 0; };
/* End PBXSourcesBuildPhase section */

/* Begin XCBuildConfiguration section */
		19BDAC1F92BA46A597C543B7 /* Debug */ = {isa = XCBuildConfiguration; buildSettings = {ALWAYS_SEARCH_USER_PATHS = NO; CLANG_ANALYZER_NONNULL = YES; CLANG_ANALYZER_NUMBER_OBJECT_CONVERSION = YES_AGGRESSIVE; CLANG_CXX_LANGUAGE_STANDARD = "gnu++20"; CLANG_ENABLE_MODULES = YES; CLANG_ENABLE_OBJC_ARC = YES; CLANG_ENABLE_OBJC_WEAK = YES; CLANG_WARN_BLOCK_CAPTURE_AUTORELEASING = YES; CLANG_WARN_BOOL_CONVERSION = YES; CLANG_WARN_COMMA = YES; CLANG_WARN_CONSTANT_CONVERSION = YES; CLANG_WARN_DEPRECATED_OBJC_IMPLEMENTATIONS = YES; CLANG_WARN_DIRECT_OBJC_ISA_USAGE = YES_ERROR; CLANG_WARN_DOCUMENTATION_COMMENTS = YES; CLANG_WARN_EMPTY_BODY = YES; CLANG_WARN_ENUM_CONVERSION = YES; CLANG_WARN_INFINITE_RECURSION = YES; CLANG_WARN_INT_CONVERSION = YES; CLANG_WARN_NON_LITERAL_NULL_CONVERSION = YES; CLANG_WARN_OBJC_IMPLICIT_RETAIN_SELF = YES; CLANG_WARN_OBJC_LITERAL_CONVERSION = YES; CLANG_WARN_OBJC_ROOT_CLASS = YES_ERROR; CLANG_WARN_QUOTED_INCLUDE_IN_FRAMEWORK_HEADER = YES; CLANG_WARN_RANGE_LOOP_ANALYSIS = YES; CLANG_WARN_STRICT_PROTOTYPES = YES; CLANG_WARN_SUSPICIOUS_MOVE = YES; CLANG_WARN_UNGUARDED_AVAILABILITY = YES_AGGRESSIVE; CLANG_WARN_UNREACHABLE_CODE = YES; CLANG_WARN__DUPLICATE_METHOD_MATCH = YES; COPY_PHASE_STRIP = NO; DEBUG_INFORMATION_FORMAT = dwarf; ENABLE_STRICT_OBJC_MSGSEND = YES; ENABLE_TESTABILITY = YES; ENABLE_USER_SCRIPT_SANDBOXING = YES; GCC_C_LANGUAGE_STANDARD = gnu17; GCC_DYNAMIC_NO_PIC = NO; GCC_NO_COMMON_BLOCKS = YES; GCC_OPTIMIZATION_LEVEL = 0; GCC_PREPROCESSOR_DEFINITIONS = ( "DEBUG=1", "$(inherited)", ); GCC_WARN_64_TO_32_BIT_CONVERSION = YES; GCC_WARN_ABOUT_RETURN_TYPE = YES_ERROR; GCC_WARN_UNDECLARED_SELECTOR = YES; GCC_WARN_UNINITIALIZED_AUTOS = YES_AGGRESSIVE; GCC_WARN_UNUSED_FUNCTION = YES; GCC_WARN_UNUSED_VARIABLE = YES; IPHONEOS_DEPLOYMENT_TARGET = 17.0; MTL_ENABLE_DEBUG_INFO = INCLUDE_SOURCE; MTL_FAST_MATH = YES; ONLY_ACTIVE_ARCH = YES; SDKROOT = iphoneos; SWIFT_ACTIVE_COMPILATION_CONDITIONS = DEBUG; SWIFT_OPTIMIZATION_LEVEL = "-Onone"; }; name = Debug; };
		A8E31A8E855043A69F3C90EA /* Release */ = {isa = XCBuildConfiguration; buildSettings = {ALWAYS_SEARCH_USER_PATHS = NO; CLANG_ANALYZER_NONNULL = YES; CLANG_ANALYZER_NUMBER_OBJECT_CONVERSION = YES_AGGRESSIVE; CLANG_CXX_LANGUAGE_STANDARD = "gnu++20"; CLANG_ENABLE_MODULES = YES; CLANG_ENABLE_OBJC_ARC = YES; CLANG_ENABLE_OBJC_WEAK = YES; CLANG_WARN_BLOCK_CAPTURE_AUTORELEASING = YES; CLANG_WARN_BOOL_CONVERSION = YES; CLANG_WARN_COMMA = YES; CLANG_WARN_CONSTANT_CONVERSION = YES; CLANG_WARN_DEPRECATED_OBJC_IMPLEMENTATIONS = YES; CLANG_WARN_DIRECT_OBJC_ISA_USAGE = YES_ERROR; CLANG_WARN_DOCUMENTATION_COMMENTS = YES; CLANG_WARN_EMPTY_BODY = YES; CLANG_WARN_ENUM_CONVERSION = YES; CLANG_WARN_INFINITE_RECURSION = YES; CLANG_WARN_INT_CONVERSION = YES; CLANG_WARN_NON_LITERAL_NULL_CONVERSION = YES; CLANG_WARN_OBJC_IMPLICIT_RETAIN_SELF = YES; CLANG_WARN_OBJC_LITERAL_CONVERSION = YES; CLANG_WARN_OBJC_ROOT_CLASS = YES_ERROR; CLANG_WARN_QUOTED_INCLUDE_IN_FRAMEWORK_HEADER = YES; CLANG_WARN_RANGE_LOOP_ANALYSIS = YES; CLANG_WARN_STRICT_PROTOTYPES = YES; CLANG_WARN_SUSPICIOUS_MOVE = YES; CLANG_WARN_UNGUARDED_AVAILABILITY = YES_AGGRESSIVE; CLANG_WARN_UNREACHABLE_CODE = YES; CLANG_WARN__DUPLICATE_METHOD_MATCH = YES; COPY_PHASE_STRIP = NO; DEBUG_INFORMATION_FORMAT = "dwarf-with-dsym"; ENABLE_NS_ASSERTIONS = NO; ENABLE_STRICT_OBJC_MSGSEND = YES; ENABLE_USER_SCRIPT_SANDBOXING = YES; GCC_C_LANGUAGE_STANDARD = gnu17; GCC_NO_COMMON_BLOCKS = YES; GCC_WARN_64_TO_32_BIT_CONVERSION = YES; GCC_WARN_ABOUT_RETURN_TYPE = YES_ERROR; GCC_WARN_UNDECLARED_SELECTOR = YES; GCC_WARN_UNINITIALIZED_AUTOS = YES_AGGRESSIVE; GCC_WARN_UNUSED_FUNCTION = YES; GCC_WARN_UNUSED_VARIABLE = YES; IPHONEOS_DEPLOYMENT_TARGET = 17.0; MTL_ENABLE_DEBUG_INFO = NO; MTL_FAST_MATH = YES; SDKROOT = iphoneos; SWIFT_COMPILATION_MODE = wholemodule; SWIFT_OPTIMIZATION_LEVEL = "-O"; VALIDATE_PRODUCT = YES; }; name = Release; };
		374901EC41C44D528D808D23 /* Debug */ = {isa = XCBuildConfiguration; buildSettings = {ASSETCATALOG_COMPILER_APPICON_NAME = AppIcon; ASSETCATALOG_COMPILER_GLOBAL_ACCENT_COLOR_NAME = AccentColor; CODE_SIGN_STYLE = Automatic; CURRENT_PROJECT_VERSION = 1; DEVELOPMENT_ASSET_PATHS = ""; ENABLE_PREVIEWS = YES; GENERATE_INFOPLIST_FILE = YES; INFOPLIST_KEY_CFBundleDisplayName = "H0RII ONE"; INFOPLIST_KEY_NSContactsUsageDescription = "H0RII Voice uses contacts only when you ask it to call a saved contact."; INFOPLIST_KEY_NSMicrophoneUsageDescription = "Horii uses the microphone for local wake-word detection and voice commands after you enable the assistant."; INFOPLIST_KEY_NSSpeechRecognitionUsageDescription = "Horii uses Speech recognition to transcribe commands after the wake word is detected."; INFOPLIST_KEY_NSUserNotificationsUsageDescription = "H0RII uses notifications for wake hints, background status and assistant reminders."; INFOPLIST_KEY_BGTaskSchedulerPermittedIdentifiers = dev.horii.H0RIIApp.refresh; INFOPLIST_KEY_UIBackgroundModes = "audio fetch remote-notification"; INFOPLIST_KEY_UIApplicationSceneManifest_Generation = YES; INFOPLIST_KEY_UIApplicationSupportsIndirectInputEvents = YES; INFOPLIST_KEY_UILaunchScreen_Generation = YES; INFOPLIST_KEY_UISupportedInterfaceOrientations_iPad = "UIInterfaceOrientationPortrait UIInterfaceOrientationPortraitUpsideDown UIInterfaceOrientationLandscapeLeft UIInterfaceOrientationLandscapeRight"; INFOPLIST_KEY_UISupportedInterfaceOrientations_iPhone = "UIInterfaceOrientationPortrait UIInterfaceOrientationLandscapeLeft UIInterfaceOrientationLandscapeRight"; LD_RUNPATH_SEARCH_PATHS = ( "$(inherited)", "@executable_path/Frameworks", ); MARKETING_VERSION = 1.0; PRODUCT_BUNDLE_IDENTIFIER = dev.horii.H0RIIApp; PRODUCT_NAME = "$(TARGET_NAME)"; SUPPORTED_PLATFORMS = "iphoneos iphonesimulator"; SUPPORTS_MACCATALYST = NO; SUPPORTS_MAC_DESIGNED_FOR_IPHONE_IPAD = NO; SWIFT_EMIT_LOC_STRINGS = YES; SWIFT_VERSION = 5.0; TARGETED_DEVICE_FAMILY = "1,2"; }; name = Debug; };
		7CB1030C69FB4B52B0BF3FB4 /* Release */ = {isa = XCBuildConfiguration; buildSettings = {ASSETCATALOG_COMPILER_APPICON_NAME = AppIcon; ASSETCATALOG_COMPILER_GLOBAL_ACCENT_COLOR_NAME = AccentColor; CODE_SIGN_STYLE = Automatic; CURRENT_PROJECT_VERSION = 1; ENABLE_PREVIEWS = YES; GENERATE_INFOPLIST_FILE = YES; INFOPLIST_KEY_CFBundleDisplayName = "H0RII ONE"; INFOPLIST_KEY_NSContactsUsageDescription = "H0RII Voice uses contacts only when you ask it to call a saved contact."; INFOPLIST_KEY_NSMicrophoneUsageDescription = "Horii uses the microphone for local wake-word detection and voice commands after you enable the assistant."; INFOPLIST_KEY_NSSpeechRecognitionUsageDescription = "Horii uses Speech recognition to transcribe commands after the wake word is detected."; INFOPLIST_KEY_NSUserNotificationsUsageDescription = "H0RII uses notifications for wake hints, background status and assistant reminders."; INFOPLIST_KEY_BGTaskSchedulerPermittedIdentifiers = dev.horii.H0RIIApp.refresh; INFOPLIST_KEY_UIBackgroundModes = "audio fetch remote-notification"; INFOPLIST_KEY_UIApplicationSceneManifest_Generation = YES; INFOPLIST_KEY_UIApplicationSupportsIndirectInputEvents = YES; INFOPLIST_KEY_UILaunchScreen_Generation = YES; INFOPLIST_KEY_UISupportedInterfaceOrientations_iPad = "UIInterfaceOrientationPortrait UIInterfaceOrientationPortraitUpsideDown UIInterfaceOrientationLandscapeLeft UIInterfaceOrientationLandscapeRight"; INFOPLIST_KEY_UISupportedInterfaceOrientations_iPhone = "UIInterfaceOrientationPortrait UIInterfaceOrientationLandscapeLeft UIInterfaceOrientationLandscapeRight"; LD_RUNPATH_SEARCH_PATHS = ( "$(inherited)", "@executable_path/Frameworks", ); MARKETING_VERSION = 1.0; PRODUCT_BUNDLE_IDENTIFIER = dev.horii.H0RIIApp; PRODUCT_NAME = "$(TARGET_NAME)"; SUPPORTED_PLATFORMS = "iphoneos iphonesimulator"; SUPPORTS_MACCATALYST = NO; SUPPORTS_MAC_DESIGNED_FOR_IPHONE_IPAD = NO; SWIFT_EMIT_LOC_STRINGS = YES; SWIFT_VERSION = 5.0; TARGETED_DEVICE_FAMILY = "1,2"; }; name = Release; };
/* End XCBuildConfiguration section */

/* Begin XCConfigurationList section */
		9F2CAEEDD33A4FCA80E5A6FB /* Build configuration list for PBXProject "H0RIIApp" */ = {isa = XCConfigurationList; buildConfigurations = ( 19BDAC1F92BA46A597C543B7 /* Debug */, A8E31A8E855043A69F3C90EA /* Release */, ); defaultConfigurationIsVisible = 0; defaultConfigurationName = Release; };
		E2976FB42408493FBEF0E53B /* Build configuration list for PBXNativeTarget "H0RIIApp" */ = {isa = XCConfigurationList; buildConfigurations = ( 374901EC41C44D528D808D23 /* Debug */, 7CB1030C69FB4B52B0BF3FB4 /* Release */, ); defaultConfigurationIsVisible = 0; defaultConfigurationName = Release; };
/* End XCConfigurationList section */
	};
	rootObject = 90486232E8094F859CD888F3 /* Project object */;
}
